// !$*UTF8*$!
{
	archiveVersion = 1;
	classes = {
	};
	objectVersion = 46;
	objects = {

/* Begin PBXBuildFile section */
		B40E6FE11AD77FA200F76266 /* main.m in Sources */ = {isa = PBXBuildFile; fileRef = B40E6FE01AD77FA200F76266 /* main.m */; };
		B40E6FE41AD77FA200F76266 /* AppDelegate.m in Sources */ = {isa = PBXBuildFile; fileRef = B40E6FE31AD77FA200F76266 /* AppDelegate.m */; };
		B40E6FED1AD77FA200F76266 /* Main.storyboard in Resources */ = {isa = PBXBuildFile; fileRef = B40E6FEB1AD77FA200F76266 /* Main.storyboard */; };
		B40E6FEF1AD77FA200F76266 /* Images.xcassets in Resources */ = {isa = PBXBuildFile; fileRef = B40E6FEE1AD77FA200F76266 /* Images.xcassets */; };
		B40E6FF21AD77FA200F76266 /* LaunchScreen.xib in Resources */ = {isa = PBXBuildFile; fileRef = B40E6FF01AD77FA200F76266 /* LaunchScreen.xib */; };
		B40E6FFE1AD77FA300F76266 /* MosterCombatTests.m in Sources */ = {isa = PBXBuildFile; fileRef = B40E6FFD1AD77FA300F76266 /* MosterCombatTests.m */; };
		B40E700B1AD780BA00F76266 /* MCCombat.m in Sources */ = {isa = PBXBuildFile; fileRef = B40E700A1AD780BA00F76266 /* MCCombat.m */; };
		B40E700E1AD780E000F76266 /* MCMainViewController.m in Sources */ = {isa = PBXBuildFile; fileRef = B40E700D1AD780E000F76266 /* MCMainViewController.m */; };
		B40E70111AD7810A00F76266 /* MosterCombat.xcdatamodeld in Sources */ = {isa = PBXBuildFile; fileRef = B40E700F1AD7810A00F76266 /* MosterCombat.xcdatamodeld */; };
		B40E70141AD7815800F76266 /* MCMonster.m in Sources */ = {isa = PBXBuildFile; fileRef = B40E70131AD7815800F76266 /* MCMonster.m */; };
		B40E70171AD7817300F76266 /* MCPlayer.m in Sources */ = {isa = PBXBuildFile; fileRef = B40E70161AD7817300F76266 /* MCPlayer.m */; };
		B40E701A1AD78F7000F76266 /* MCSkill.m in Sources */ = {isa = PBXBuildFile; fileRef = B40E70191AD78F7000F76266 /* MCSkill.m */; };
		B40E701D1AD79B0A00F76266 /* MCLeveledObject.m in Sources */ = {isa = PBXBuildFile; fileRef = B40E701C1AD79B0A00F76266 /* MCLeveledObject.m */; };
		B40E70201AD7B41000F76266 /* MCItem.m in Sources */ = {isa = PBXBuildFile; fileRef = B40E701F1AD7B41000F76266 /* MCItem.m */; };
		B40E70361AD7C04E00F76266 /* MCSkillBuff.m in Sources */ = {isa = PBXBuildFile; fileRef = B40E70311AD7C04E00F76266 /* MCSkillBuff.m */; };
		B40E70371AD7C04E00F76266 /* MCSkillDamage.m in Sources */ = {isa = PBXBuildFile; fileRef = B40E70331AD7C04E00F76266 /* MCSkillDamage.m */; };
		B40E70381AD7C04E00F76266 /* MCSkillRestore.m in Sources */ = {isa = PBXBuildFile; fileRef = B40E70351AD7C04E00F76266 /* MCSkillRestore.m */; };
		B43447C61AD82F4B00CA9B49 /* MCElement.m in Sources */ = {isa = PBXBuildFile; fileRef = B43447C51AD82F4B00CA9B49 /* MCElement.m */; };
/* End PBXBuildFile section */

/* Begin PBXContainerItemProxy section */
		B40E6FF81AD77FA300F76266 /* PBXContainerItemProxy */ = {
			isa = PBXContainerItemProxy;
			containerPortal = B40E6FD31AD77FA200F76266 /* Project object */;
			proxyType = 1;
			remoteGlobalIDString = B40E6FDA1AD77FA200F76266;
			remoteInfo = MosterCombat;
		};
/* End PBXContainerItemProxy section */

/* Begin PBXFileReference section */
		B40E6FDB1AD77FA200F76266 /* MosterCombat.app */ = {isa = PBXFileReference; explicitFileType = wrapper.application; includeInIndex = 0; path = MosterCombat.app; sourceTree = BUILT_PRODUCTS_DIR; };
		B40E6FDF1AD77FA200F76266 /* Info.plist */ = {isa = PBXFileReference; lastKnownFileType = text.plist.xml; path = Info.plist; sourceTree = "<group>"; };
		B40E6FE01AD77FA200F76266 /* main.m */ = {isa = PBXFileReference; lastKnownFileType = sourcecode.c.objc; path = main.m; sourceTree = "<group>"; };
		B40E6FE21AD77FA200F76266 /* AppDelegate.h */ = {isa = PBXFileReference; lastKnownFileType = sourcecode.c.h; path = AppDelegate.h; sourceTree = "<group>"; };
		B40E6FE31AD77FA200F76266 /* AppDelegate.m */ = {isa = PBXFileReference; lastKnownFileType = sourcecode.c.objc; path = AppDelegate.m; sourceTree = "<group>"; };
		B40E6FEC1AD77FA200F76266 /* Base */ = {isa = PBXFileReference; lastKnownFileType = file.storyboard; name = Base; path = Base.lproj/Main.storyboard; sourceTree = "<group>"; };
		B40E6FEE1AD77FA200F76266 /* Images.xcassets */ = {isa = PBXFileReference; lastKnownFileType = folder.assetcatalog; path = Images.xcassets; sourceTree = "<group>"; };
		B40E6FF11AD77FA200F76266 /* Base */ = {isa = PBXFileReference; lastKnownFileType = file.xib; name = Base; path = Base.lproj/LaunchScreen.xib; sourceTree = "<group>"; };
		B40E6FF71AD77FA300F76266 /* MosterCombatTests.xctest */ = {isa = PBXFileReference; explicitFileType = wrapper.cfbundle; includeInIndex = 0; path = MosterCombatTests.xctest; sourceTree = BUILT_PRODUCTS_DIR; };
		B40E6FFC1AD77FA300F76266 /* Info.plist */ = {isa = PBXFileReference; lastKnownFileType = text.plist.xml; path = Info.plist; sourceTree = "<group>"; };
		B40E6FFD1AD77FA300F76266 /* MosterCombatTests.m */ = {isa = PBXFileReference; lastKnownFileType = sourcecode.c.objc; path = MosterCombatTests.m; sourceTree = "<group>"; };
		B40E70091AD780BA00F76266 /* MCCombat.h */ = {isa = PBXFileReference; fileEncoding = 4; lastKnownFileType = sourcecode.c.h; name = MCCombat.h; path = Model/MCCombat.h; sourceTree = "<group>"; };
		B40E700A1AD780BA00F76266 /* MCCombat.m */ = {isa = PBXFileReference; fileEncoding = 4; lastKnownFileType = sourcecode.c.objc; name = MCCombat.m; path = Model/MCCombat.m; sourceTree = "<group>"; };
		B40E700C1AD780E000F76266 /* MCMainViewController.h */ = {isa = PBXFileReference; fileEncoding = 4; lastKnownFileType = sourcecode.c.h; name = MCMainViewController.h; path = Controllers/MCMainViewController.h; sourceTree = "<group>"; };
		B40E700D1AD780E000F76266 /* MCMainViewController.m */ = {isa = PBXFileReference; fileEncoding = 4; lastKnownFileType = sourcecode.c.objc; name = MCMainViewController.m; path = Controllers/MCMainViewController.m; sourceTree = "<group>"; };
		B40E70101AD7810A00F76266 /* MosterCombat.xcdatamodel */ = {isa = PBXFileReference; lastKnownFileType = wrapper.xcdatamodel; path = MosterCombat.xcdatamodel; sourceTree = "<group>"; };
		B40E70121AD7815800F76266 /* MCMonster.h */ = {isa = PBXFileReference; fileEncoding = 4; lastKnownFileType = sourcecode.c.h; name = MCMonster.h; path = Model/MCMonster.h; sourceTree = "<group>"; };
		B40E70131AD7815800F76266 /* MCMonster.m */ = {isa = PBXFileReference; fileEncoding = 4; lastKnownFileType = sourcecode.c.objc; name = MCMonster.m; path = Model/MCMonster.m; sourceTree = "<group>"; };
		B40E70151AD7817300F76266 /* MCPlayer.h */ = {isa = PBXFileReference; fileEncoding = 4; lastKnownFileType = sourcecode.c.h; name = MCPlayer.h; path = Model/MCPlayer.h; sourceTree = "<group>"; };
		B40E70161AD7817300F76266 /* MCPlayer.m */ = {isa = PBXFileReference; fileEncoding = 4; lastKnownFileType = sourcecode.c.objc; name = MCPlayer.m; path = Model/MCPlayer.m; sourceTree = "<group>"; };
		B40E70181AD78F7000F76266 /* MCSkill.h */ = {isa = PBXFileReference; fileEncoding = 4; lastKnownFileType = sourcecode.c.h; name = MCSkill.h; path = Model/MCSkill.h; sourceTree = "<group>"; };
		B40E70191AD78F7000F76266 /* MCSkill.m */ = {isa = PBXFileReference; fileEncoding = 4; lastKnownFileType = sourcecode.c.objc; name = MCSkill.m; path = Model/MCSkill.m; sourceTree = "<group>"; };
		B40E701B1AD79B0A00F76266 /* MCLeveledObject.h */ = {isa = PBXFileReference; fileEncoding = 4; lastKnownFileType = sourcecode.c.h; name = MCLeveledObject.h; path = Model/MCLeveledObject.h; sourceTree = "<group>"; };
		B40E701C1AD79B0A00F76266 /* MCLeveledObject.m */ = {isa = PBXFileReference; fileEncoding = 4; lastKnownFileType = sourcecode.c.objc; name = MCLeveledObject.m; path = Model/MCLeveledObject.m; sourceTree = "<group>"; };
		B40E701E1AD7B41000F76266 /* MCItem.h */ = {isa = PBXFileReference; fileEncoding = 4; lastKnownFileType = sourcecode.c.h; name = MCItem.h; path = Model/MCItem.h; sourceTree = "<group>"; };
		B40E701F1AD7B41000F76266 /* MCItem.m */ = {isa = PBXFileReference; fileEncoding = 4; lastKnownFileType = sourcecode.c.objc; name = MCItem.m; path = Model/MCItem.m; sourceTree = "<group>"; };
		B40E70301AD7C04E00F76266 /* MCSkillBuff.h */ = {isa = PBXFileReference; fileEncoding = 4; lastKnownFileType = sourcecode.c.h; name = MCSkillBuff.h; path = Model/MCSkillBuff.h; sourceTree = "<group>"; };
		B40E70311AD7C04E00F76266 /* MCSkillBuff.m */ = {isa = PBXFileReference; fileEncoding = 4; lastKnownFileType = sourcecode.c.objc; name = MCSkillBuff.m; path = Model/MCSkillBuff.m; sourceTree = "<group>"; };
		B40E70321AD7C04E00F76266 /* MCSkillDamage.h */ = {isa = PBXFileReference; fileEncoding = 4; lastKnownFileType = sourcecode.c.h; name = MCSkillDamage.h; path = Model/MCSkillDamage.h; sourceTree = "<group>"; };
		B40E70331AD7C04E00F76266 /* MCSkillDamage.m */ = {isa = PBXFileReference; fileEncoding = 4; lastKnownFileType = sourcecode.c.objc; name = MCSkillDamage.m; path = Model/MCSkillDamage.m; sourceTree = "<group>"; };
		B40E70341AD7C04E00F76266 /* MCSkillRestore.h */ = {isa = PBXFileReference; fileEncoding = 4; lastKnownFileType = sourcecode.c.h; name = MCSkillRestore.h; path = Model/MCSkillRestore.h; sourceTree = "<group>"; };
		B40E70351AD7C04E00F76266 /* MCSkillRestore.m */ = {isa = PBXFileReference; fileEncoding = 4; lastKnownFileType = sourcecode.c.objc; name = MCSkillRestore.m; path = Model/MCSkillRestore.m; sourceTree = "<group>"; };
		B43447C31AD82DBA00CA9B49 /* MCConstants.h */ = {isa = PBXFileReference; lastKnownFileType = sourcecode.c.h; name = MCConstants.h; path = Model/MCConstants.h; sourceTree = "<group>"; };
		B43447C41AD82F4B00CA9B49 /* MCElement.h */ = {isa = PBXFileReference; fileEncoding = 4; lastKnownFileType = sourcecode.c.h; name = MCElement.h; path = Model/MCElement.h; sourceTree = "<group>"; };
		B43447C51AD82F4B00CA9B49 /* MCElement.m */ = {isa = PBXFileReference; fileEncoding = 4; lastKnownFileType = sourcecode.c.objc; name = MCElement.m; path = Model/MCElement.m; sourceTree = "<group>"; };
/* End PBXFileReference section */

/* Begin PBXFrameworksBuildPhase section */
		B40E6FD81AD77FA200F76266 /* Frameworks */ = {
			isa = PBXFrameworksBuildPhase;
			buildActionMask = 2147483647;
			files = (
			);
			runOnlyForDeploymentPostprocessing = 0;
		};
		B40E6FF41AD77FA300F76266 /* Frameworks */ = {
			isa = PBXFrameworksBuildPhase;
			buildActionMask = 2147483647;
			files = (
			);
			runOnlyForDeploymentPostprocessing = 0;
		};
/* End PBXFrameworksBuildPhase section */

/* Begin PBXGroup section */
		B40E6FD21AD77FA200F76266 = {
			isa = PBXGroup;
			children = (
				B40E6FDD1AD77FA200F76266 /* MosterCombat */,
				B40E6FFA1AD77FA300F76266 /* MosterCombatTests */,
				B40E6FDC1AD77FA200F76266 /* Products */,
			);
			sourceTree = "<group>";
		};
		B40E6FDC1AD77FA200F76266 /* Products */ = {
			isa = PBXGroup;
			children = (
				B40E6FDB1AD77FA200F76266 /* MosterCombat.app */,
				B40E6FF71AD77FA300F76266 /* MosterCombatTests.xctest */,
			);
			name = Products;
			sourceTree = "<group>";
		};
		B40E6FDD1AD77FA200F76266 /* MosterCombat */ = {
			isa = PBXGroup;
			children = (
				B40E6FEB1AD77FA200F76266 /* Main.storyboard */,
				B40E6FE21AD77FA200F76266 /* AppDelegate.h */,
				B40E6FE31AD77FA200F76266 /* AppDelegate.m */,
				B40E70071AD7805900F76266 /* Model */,
				B40E70081AD7806C00F76266 /* Controllers */,
				B40E6FDE1AD77FA200F76266 /* Supporting Files */,
			);
			path = MosterCombat;
			sourceTree = "<group>";
		};
		B40E6FDE1AD77FA200F76266 /* Supporting Files */ = {
			isa = PBXGroup;
			children = (
				B40E6FEE1AD77FA200F76266 /* Images.xcassets */,
				B40E6FF01AD77FA200F76266 /* LaunchScreen.xib */,
				B40E6FDF1AD77FA200F76266 /* Info.plist */,
				B40E6FE01AD77FA200F76266 /* main.m */,
			);
			name = "Supporting Files";
			sourceTree = "<group>";
		};
		B40E6FFA1AD77FA300F76266 /* MosterCombatTests */ = {
			isa = PBXGroup;
			children = (
				B40E6FFD1AD77FA300F76266 /* MosterCombatTests.m */,
				B40E6FFB1AD77FA300F76266 /* Supporting Files */,
			);
			path = MosterCombatTests;
			sourceTree = "<group>";
		};
		B40E6FFB1AD77FA300F76266 /* Supporting Files */ = {
			isa = PBXGroup;
			children = (
				B40E6FFC1AD77FA300F76266 /* Info.plist */,
			);
			name = "Supporting Files";
			sourceTree = "<group>";
		};
		B40E70071AD7805900F76266 /* Model */ = {
			isa = PBXGroup;
			children = (
				B40E70091AD780BA00F76266 /* MCCombat.h */,
				B40E700A1AD780BA00F76266 /* MCCombat.m */,
				B43447C71AD830A700CA9B49 /* Basics */,
				B40E703B1AD7C09F00F76266 /* LeveledObjects */,
				B40E70391AD7C07F00F76266 /* Skills */,
				B40E703A1AD7C08E00F76266 /* Items */,
				B40E700F1AD7810A00F76266 /* MosterCombat.xcdatamodeld */,
			);
			name = Model;
			sourceTree = "<group>";
		};
		B40E70081AD7806C00F76266 /* Controllers */ = {
			isa = PBXGroup;
			children = (
				B40E700C1AD780E000F76266 /* MCMainViewController.h */,
				B40E700D1AD780E000F76266 /* MCMainViewController.m */,
			);
			name = Controllers;
			sourceTree = "<group>";
		};
		B40E70391AD7C07F00F76266 /* Skills */ = {
			isa = PBXGroup;
			children = (
				B40E70181AD78F7000F76266 /* MCSkill.h */,
				B40E70191AD78F7000F76266 /* MCSkill.m */,
				B40E70321AD7C04E00F76266 /* MCSkillDamage.h */,
				B40E70331AD7C04E00F76266 /* MCSkillDamage.m */,
				B40E70301AD7C04E00F76266 /* MCSkillBuff.h */,
				B40E70311AD7C04E00F76266 /* MCSkillBuff.m */,
				B40E70341AD7C04E00F76266 /* MCSkillRestore.h */,
				B40E70351AD7C04E00F76266 /* MCSkillRestore.m */,
			);
			name = Skills;
			sourceTree = "<group>";
		};
		B40E703A1AD7C08E00F76266 /* Items */ = {
			isa = PBXGroup;
			children = (
				B40E701E1AD7B41000F76266 /* MCItem.h */,
				B40E701F1AD7B41000F76266 /* MCItem.m */,
			);
			name = Items;
			sourceTree = "<group>";
		};
		B40E703B1AD7C09F00F76266 /* LeveledObjects */ = {
			isa = PBXGroup;
			children = (
				B40E701B1AD79B0A00F76266 /* MCLeveledObject.h */,
				B40E701C1AD79B0A00F76266 /* MCLeveledObject.m */,
				B40E70121AD7815800F76266 /* MCMonster.h */,
				B40E70131AD7815800F76266 /* MCMonster.m */,
				B40E70151AD7817300F76266 /* MCPlayer.h */,
				B40E70161AD7817300F76266 /* MCPlayer.m */,
			);
			name = LeveledObjects;
			sourceTree = "<group>";
		};
		B43447C71AD830A700CA9B49 /* Basics */ = {
			isa = PBXGroup;
			children = (
				B43447C31AD82DBA00CA9B49 /* MCConstants.h */,
				B43447C41AD82F4B00CA9B49 /* MCElement.h */,
				B43447C51AD82F4B00CA9B49 /* MCElement.m */,
			);
			name = Basics;
			sourceTree = "<group>";
		};
/* End PBXGroup section */

/* Begin PBXNativeTarget section */
		B40E6FDA1AD77FA200F76266 /* MosterCombat */ = {
			isa = PBXNativeTarget;
			buildConfigurationList = B40E70011AD77FA300F76266 /* Build configuration list for PBXNativeTarget "MosterCombat" */;
			buildPhases = (
				B40E6FD71AD77FA200F76266 /* Sources */,
				B40E6FD81AD77FA200F76266 /* Frameworks */,
				B40E6FD91AD77FA200F76266 /* Resources */,
			);
			buildRules = (
			);
			dependencies = (
			);
			name = MosterCombat;
			productName = MosterCombat;
			productReference = B40E6FDB1AD77FA200F76266 /* MosterCombat.app */;
			productType = "com.apple.product-type.application";
		};
		B40E6FF61AD77FA300F76266 /* MosterCombatTests */ = {
			isa = PBXNativeTarget;
			buildConfigurationList = B40E70041AD77FA300F76266 /* Build configuration list for PBXNativeTarget "MosterCombatTests" */;
			buildPhases = (
				B40E6FF31AD77FA300F76266 /* Sources */,
				B40E6FF41AD77FA300F76266 /* Frameworks */,
				B40E6FF51AD77FA300F76266 /* Resources */,
			);
			buildRules = (
			);
			dependencies = (
				B40E6FF91AD77FA300F76266 /* PBXTargetDependency */,
			);
			name = MosterCombatTests;
			productName = MosterCombatTests;
			productReference = B40E6FF71AD77FA300F76266 /* MosterCombatTests.xctest */;
			productType = "com.apple.product-type.bundle.unit-test";
		};
/* End PBXNativeTarget section */

/* Begin PBXProject section */
		B40E6FD31AD77FA200F76266 /* Project object */ = {
			isa = PBXProject;
			attributes = {
				LastUpgradeCheck = 0620;
				ORGANIZATIONNAME = qingweilan;
				TargetAttributes = {
					B40E6FDA1AD77FA200F76266 = {
						CreatedOnToolsVersion = 6.2;
					};
					B40E6FF61AD77FA300F76266 = {
						CreatedOnToolsVersion = 6.2;
						TestTargetID = B40E6FDA1AD77FA200F76266;
					};
				};
			};
			buildConfigurationList = B40E6FD61AD77FA200F76266 /* Build configuration list for PBXProject "MosterCombat" */;
			compatibilityVersion = "Xcode 3.2";
			developmentRegion = English;
			hasScannedForEncodings = 0;
			knownRegions = (
				en,
				Base,
			);
			mainGroup = B40E6FD21AD77FA200F76266;
			productRefGroup = B40E6FDC1AD77FA200F76266 /* Products */;
			projectDirPath = "";
			projectRoot = "";
			targets = (
				B40E6FDA1AD77FA200F76266 /* MosterCombat */,
				B40E6FF61AD77FA300F76266 /* MosterCombatTests */,
			);
		};
/* End PBXProject section */

/* Begin PBXResourcesBuildPhase section */
		B40E6FD91AD77FA200F76266 /* Resources */ = {
			isa = PBXResourcesBuildPhase;
			buildActionMask = 2147483647;
			files = (
				B40E6FED1AD77FA200F76266 /* Main.storyboard in Resources */,
				B40E6FF21AD77FA200F76266 /* LaunchScreen.xib in Resources */,
				B40E6FEF1AD77FA200F76266 /* Images.xcassets in Resources */,
			);
			runOnlyForDeploymentPostprocessing = 0;
		};
		B40E6FF51AD77FA300F76266 /* Resources */ = {
			isa = PBXResourcesBuildPhase;
			buildActionMask = 2147483647;
			files = (
			);
			runOnlyForDeploymentPostprocessing = 0;
		};
/* End PBXResourcesBuildPhase section */

/* Begin PBXSourcesBuildPhase section */
		B40E6FD71AD77FA200F76266 /* Sources */ = {
			isa = PBXSourcesBuildPhase;
			buildActionMask = 2147483647;
			files = (
				B40E70171AD7817300F76266 /* MCPlayer.m in Sources */,
				B40E700E1AD780E000F76266 /* MCMainViewController.m in Sources */,
				B40E70381AD7C04E00F76266 /* MCSkillRestore.m in Sources */,
				B40E6FE41AD77FA200F76266 /* AppDelegate.m in Sources */,
				B43447C61AD82F4B00CA9B49 /* MCElement.m in Sources */,
				B40E701A1AD78F7000F76266 /* MCSkill.m in Sources */,
				B40E70201AD7B41000F76266 /* MCItem.m in Sources */,
				B40E70361AD7C04E00F76266 /* MCSkillBuff.m in Sources */,
				B40E70141AD7815800F76266 /* MCMonster.m in Sources */,
				B40E700B1AD780BA00F76266 /* MCCombat.m in Sources */,
				B40E70371AD7C04E00F76266 /* MCSkillDamage.m in Sources */,
				B40E6FE11AD77FA200F76266 /* main.m in Sources */,
				B40E70111AD7810A00F76266 /* MosterCombat.xcdatamodeld in Sources */,
				B40E701D1AD79B0A00F76266 /* MCLeveledObject.m in Sources */,
			);
			runOnlyForDeploymentPostprocessing = 0;
		};
		B40E6FF31AD77FA300F76266 /* Sources */ = {
			isa = PBXSourcesBuildPhase;
			buildActionMask = 2147483647;
			files = (
				B40E6FFE1AD77FA300F76266 /* MosterCombatTests.m in Sources */,
			);
			runOnlyForDeploymentPostprocessing = 0;
		};
/* End PBXSourcesBuildPhase section */

/* Begin PBXTargetDependency section */
		B40E6FF91AD77FA300F76266 /* PBXTargetDependency */ = {
			isa = PBXTargetDependency;
			target = B40E6FDA1AD77FA200F76266 /* MosterCombat */;
			targetProxy = B40E6FF81AD77FA300F76266 /* PBXContainerItemProxy */;
		};
/* End PBXTargetDependency section */

/* Begin PBXVariantGroup section */
		B40E6FEB1AD77FA200F76266 /* Main.storyboard */ = {
			isa = PBXVariantGroup;
			children = (
				B40E6FEC1AD77FA200F76266 /* Base */,
			);
			name = Main.storyboard;
			sourceTree = "<group>";
		};
		B40E6FF01AD77FA200F76266 /* LaunchScreen.xib */ = {
			isa = PBXVariantGroup;
			children = (
				B40E6FF11AD77FA200F76266 /* Base */,
			);
			name = LaunchScreen.xib;
			sourceTree = "<group>";
		};
/* End PBXVariantGroup section */

/* Begin XCBuildConfiguration section */
		B40E6FFF1AD77FA300F76266 /* Debug */ = {
			isa = XCBuildConfiguration;
			buildSettings = {
				ALWAYS_SEARCH_USER_PATHS = NO;
				CLANG_CXX_LANGUAGE_STANDARD = "gnu++0x";
				CLANG_CXX_LIBRARY = "libc++";
				CLANG_ENABLE_MODULES = YES;
				CLANG_ENABLE_OBJC_ARC = YES;
				CLANG_WARN_BOOL_CONVERSION = YES;
				CLANG_WARN_CONSTANT_CONVERSION = YES;
				CLANG_WARN_DIRECT_OBJC_ISA_USAGE = YES_ERROR;
				CLANG_WARN_EMPTY_BODY = YES;
				CLANG_WARN_ENUM_CONVERSION = YES;
				CLANG_WARN_INT_CONVERSION = YES;
				CLANG_WARN_OBJC_ROOT_CLASS = YES_ERROR;
				CLANG_WARN_UNREACHABLE_CODE = YES;
				CLANG_WARN__DUPLICATE_METHOD_MATCH = YES;
				"CODE_SIGN_IDENTITY[sdk=iphoneos*]" = "iPhone Developer";
				COPY_PHASE_STRIP = NO;
				ENABLE_STRICT_OBJC_MSGSEND = YES;
				GCC_C_LANGUAGE_STANDARD = gnu99;
				GCC_DYNAMIC_NO_PIC = NO;
				GCC_OPTIMIZATION_LEVEL = 0;
				GCC_PREPROCESSOR_DEFINITIONS = (
					"DEBUG=1",
					"$(inherited)",
				);
				GCC_SYMBOLS_PRIVATE_EXTERN = NO;
				GCC_WARN_64_TO_32_BIT_CONVERSION = YES;
				GCC_WARN_ABOUT_RETURN_TYPE = YES_ERROR;
				GCC_WARN_UNDECLARED_SELECTOR = YES;
				GCC_WARN_UNINITIALIZED_AUTOS = YES_AGGRESSIVE;
				GCC_WARN_UNUSED_FUNCTION = YES;
				GCC_WARN_UNUSED_VARIABLE = YES;
				IPHONEOS_DEPLOYMENT_TARGET = 8.2;
				MTL_ENABLE_DEBUG_INFO = YES;
				ONLY_ACTIVE_ARCH = YES;
				SDKROOT = iphoneos;
				TARGETED_DEVICE_FAMILY = "1,2";
			};
			name = Debug;
		};
		B40E70001AD77FA300F76266 /* Release */ = {
			isa = XCBuildConfiguration;
			buildSettings = {
				ALWAYS_SEARCH_USER_PATHS = NO;
				CLANG_CXX_LANGUAGE_STANDARD = "gnu++0x";
				CLANG_CXX_LIBRARY = "libc++";
				CLANG_ENABLE_MODULES = YES;
				CLANG_ENABLE_OBJC_ARC = YES;
				CLANG_WARN_BOOL_CONVERSION = YES;
				CLANG_WARN_CONSTANT_CONVERSION = YES;
				CLANG_WARN_DIRECT_OBJC_ISA_USAGE = YES_ERROR;
				CLANG_WARN_EMPTY_BODY = YES;
				CLANG_WARN_ENUM_CONVERSION = YES;
				CLANG_WARN_INT_CONVERSION = YES;
				CLANG_WARN_OBJC_ROOT_CLASS = YES_ERROR;
				CLANG_WARN_UNREACHABLE_CODE = YES;
				CLANG_WARN__DUPLICATE_METHOD_MATCH = YES;
				"CODE_SIGN_IDENTITY[sdk=iphoneos*]" = "iPhone Developer";
				COPY_PHASE_STRIP = NO;
				ENABLE_NS_ASSERTIONS = NO;
				ENABLE_STRICT_OBJC_MSGSEND = YES;
				GCC_C_LANGUAGE_STANDARD = gnu99;
				GCC_WARN_64_TO_32_BIT_CONVERSION = YES;
				GCC_WARN_ABOUT_RETURN_TYPE = YES_ERROR;
				GCC_WARN_UNDECLARED_SELECTOR = YES;
				GCC_WARN_UNINITIALIZED_AUTOS = YES_AGGRESSIVE;
				GCC_WARN_UNUSED_FUNCTION = YES;
				GCC_WARN_UNUSED_VARIABLE = YES;
				IPHONEOS_DEPLOYMENT_TARGET = 8.2;
				MTL_ENABLE_DEBUG_INFO = NO;
				SDKROOT = iphoneos;
				TARGETED_DEVICE_FAMILY = "1,2";
				VALIDATE_PRODUCT = YES;
			};
			name = Release;
		};
		B40E70021AD77FA300F76266 /* Debug */ = {
			isa = XCBuildConfiguration;
			buildSettings = {
				ASSETCATALOG_COMPILER_APPICON_NAME = AppIcon;
				INFOPLIST_FILE = MosterCombat/Info.plist;
				LD_RUNPATH_SEARCH_PATHS = "$(inherited) @executable_path/Frameworks";
				PRODUCT_NAME = "$(TARGET_NAME)";
			};
			name = Debug;
		};
		B40E70031AD77FA300F76266 /* Release */ = {
			isa = XCBuildConfiguration;
			buildSettings = {
				ASSETCATALOG_COMPILER_APPICON_NAME = AppIcon;
				INFOPLIST_FILE = MosterCombat/Info.plist;
				LD_RUNPATH_SEARCH_PATHS = "$(inherited) @executable_path/Frameworks";
				PRODUCT_NAME = "$(TARGET_NAME)";
			};
			name = Release;
		};
		B40E70051AD77FA300F76266 /* Debug */ = {
			isa = XCBuildConfiguration;
			buildSettings = {
				BUNDLE_LOADER = "$(TEST_HOST)";
				FRAMEWORK_SEARCH_PATHS = (
					"$(SDKROOT)/Developer/Library/Frameworks",
					"$(inherited)",
				);
				GCC_PREPROCESSOR_DEFINITIONS = (
					"DEBUG=1",
					"$(inherited)",
				);
				INFOPLIST_FILE = MosterCombatTests/Info.plist;
				LD_RUNPATH_SEARCH_PATHS = "$(inherited) @executable_path/Frameworks @loader_path/Frameworks";
				PRODUCT_NAME = "$(TARGET_NAME)";
				TEST_HOST = "$(BUILT_PRODUCTS_DIR)/MosterCombat.app/MosterCombat";
			};
			name = Debug;
		};
		B40E70061AD77FA300F76266 /* Release */ = {
			isa = XCBuildConfiguration;
			buildSettings = {
				BUNDLE_LOADER = "$(TEST_HOST)";
				FRAMEWORK_SEARCH_PATHS = (
					"$(SDKROOT)/Developer/Library/Frameworks",
					"$(inherited)",
				);
				INFOPLIST_FILE = MosterCombatTests/Info.plist;
				LD_RUNPATH_SEARCH_PATHS = "$(inherited) @executable_path/Frameworks @loader_path/Frameworks";
				PRODUCT_NAME = "$(TARGET_NAME)";
				TEST_HOST = "$(BUILT_PRODUCTS_DIR)/MosterCombat.app/MosterCombat";
			};
			name = Release;
		};
/* End XCBuildConfiguration section */

/* Begin XCConfigurationList section */
		B40E6FD61AD77FA200F76266 /* Build configuration list for PBXProject "MosterCombat" */ = {
			isa = XCConfigurationList;
			buildConfigurations = (
				B40E6FFF1AD77FA300F76266 /* Debug */,
				B40E70001AD77FA300F76266 /* Release */,
			);
			defaultConfigurationIsVisible = 0;
			defaultConfigurationName = Release;
		};
		B40E70011AD77FA300F76266 /* Build configuration list for PBXNativeTarget "MosterCombat" */ = {
			isa = XCConfigurationList;
			buildConfigurations = (
				B40E70021AD77FA300F76266 /* Debug */,
				B40E70031AD77FA300F76266 /* Release */,
			);
			defaultConfigurationIsVisible = 0;
			defaultConfigurationName = Release;
		};
		B40E70041AD77FA300F76266 /* Build configuration list for PBXNativeTarget "MosterCombatTests" */ = {
			isa = XCConfigurationList;
			buildConfigurations = (
				B40E70051AD77FA300F76266 /* Debug */,
				B40E70061AD77FA300F76266 /* Release */,
			);
			defaultConfigurationIsVisible = 0;
			defaultConfigurationName = Release;
		};
/* End XCConfigurationList section */

/* Begin XCVersionGroup section */
		B40E700F1AD7810A00F76266 /* MosterCombat.xcdatamodeld */ = {
			isa = XCVersionGroup;
			children = (
				B40E70101AD7810A00F76266 /* MosterCombat.xcdatamodel */,
			);
			currentVersion = B40E70101AD7810A00F76266 /* MosterCombat.xcdatamodel */;
			name = MosterCombat.xcdatamodeld;
			path = Model/MosterCombat.xcdatamodeld;
			sourceTree = "<group>";
			versionGroupType = wrapper.xcdatamodel;
		};
/* End XCVersionGroup section */
	};
	rootObject = B40E6FD31AD77FA200F76266 /* Project object */;
}
